// !$*UTF8*$!
{
	archiveVersion = 1;
	classes = {
	};
	objectVersion = 46;
	objects = {

/* Begin PBXBuildFile section */
		FBB1042F1A7576B300D9D396 /* AppDelegate.swift in Sources */ = {isa = PBXBuildFile; fileRef = FBB1042E1A7576B300D9D396 /* AppDelegate.swift */; };
		FBB104311A7576B300D9D396 /* ViewController.swift in Sources */ = {isa = PBXBuildFile; fileRef = FBB104301A7576B300D9D396 /* ViewController.swift */; };
		FBB104341A7576B300D9D396 /* Main.storyboard in Resources */ = {isa = PBXBuildFile; fileRef = FBB104321A7576B300D9D396 /* Main.storyboard */; };
		FBB104361A7576B300D9D396 /* Images.xcassets in Resources */ = {isa = PBXBuildFile; fileRef = FBB104351A7576B300D9D396 /* Images.xcassets */; };
		FBB104391A7576B300D9D396 /* LaunchScreen.xib in Resources */ = {isa = PBXBuildFile; fileRef = FBB104371A7576B300D9D396 /* LaunchScreen.xib */; };
		FBB104451A7576B300D9D396 /* dietTests.swift in Sources */ = {isa = PBXBuildFile; fileRef = FBB104441A7576B300D9D396 /* dietTests.swift */; };
		FBB104511A75A32700D9D396 /* Products.plist in Resources */ = {isa = PBXBuildFile; fileRef = FBB104501A75A32700D9D396 /* Products.plist */; };
/* End PBXBuildFile section */

/* Begin PBXContainerItemProxy section */
		FBB1043F1A7576B300D9D396 /* PBXContainerItemProxy */ = {
			isa = PBXContainerItemProxy;
			containerPortal = FBB104211A7576B300D9D396 /* Project object */;
			proxyType = 1;
			remoteGlobalIDString = FBB104281A7576B300D9D396;
			remoteInfo = diet;
		};
/* End PBXContainerItemProxy section */

/* Begin PBXFileReference section */
		FBB104291A7576B300D9D396 /* diet.app */ = {isa = PBXFileReference; explicitFileType = wrapper.application; includeInIndex = 0; path = diet.app; sourceTree = BUILT_PRODUCTS_DIR; };
		FBB1042D1A7576B300D9D396 /* Info.plist */ = {isa = PBXFileReference; lastKnownFileType = text.plist.xml; path = Info.plist; sourceTree = "<group>"; };
		FBB1042E1A7576B300D9D396 /* AppDelegate.swift */ = {isa = PBXFileReference; lastKnownFileType = sourcecode.swift; path = AppDelegate.swift; sourceTree = "<group>"; };
		FBB104301A7576B300D9D396 /* ViewController.swift */ = {isa = PBXFileReference; lastKnownFileType = sourcecode.swift; path = ViewController.swift; sourceTree = "<group>"; };
		FBB104331A7576B300D9D396 /* Base */ = {isa = PBXFileReference; lastKnownFileType = file.storyboard; name = Base; path = Base.lproj/Main.storyboard; sourceTree = "<group>"; };
		FBB104351A7576B300D9D396 /* Images.xcassets */ = {isa = PBXFileReference; lastKnownFileType = folder.assetcatalog; path = Images.xcassets; sourceTree = "<group>"; };
		FBB104381A7576B300D9D396 /* Base */ = {isa = PBXFileReference; lastKnownFileType = file.xib; name = Base; path = Base.lproj/LaunchScreen.xib; sourceTree = "<group>"; };
		FBB1043E1A7576B300D9D396 /* dietTests.xctest */ = {isa = PBXFileReference; explicitFileType = wrapper.cfbundle; includeInIndex = 0; path = dietTests.xctest; sourceTree = BUILT_PRODUCTS_DIR; };
		FBB104431A7576B300D9D396 /* Info.plist */ = {isa = PBXFileReference; lastKnownFileType = text.plist.xml; path = Info.plist; sourceTree = "<group>"; };
		FBB104441A7576B300D9D396 /* dietTests.swift */ = {isa = PBXFileReference; lastKnownFileType = sourcecode.swift; path = dietTests.swift; sourceTree = "<group>"; };
		FBB104501A75A32700D9D396 /* Products.plist */ = {isa = PBXFileReference; fileEncoding = 4; lastKnownFileType = text.plist.xml; name = Products.plist; path = ../Products.plist; sourceTree = "<group>"; };
/* End PBXFileReference section */

/* Begin PBXFrameworksBuildPhase section */
		FBB104261A7576B300D9D396 /* Frameworks */ = {
			isa = PBXFrameworksBuildPhase;
			buildActionMask = 2147483647;
			files = (
			);
			runOnlyForDeploymentPostprocessing = 0;
		};
		FBB1043B1A7576B300D9D396 /* Frameworks */ = {
			isa = PBXFrameworksBuildPhase;
			buildActionMask = 2147483647;
			files = (
			);
			runOnlyForDeploymentPostprocessing = 0;
		};
/* End PBXFrameworksBuildPhase section */

/* Begin PBXGroup section */
		FBB104201A7576B300D9D396 = {
			isa = PBXGroup;
			children = (
				FBB1042B1A7576B300D9D396 /* diet */,
				FBB104411A7576B300D9D396 /* dietTests */,
				FBB1042A1A7576B300D9D396 /* Products */,
			);
			sourceTree = "<group>";
		};
		FBB1042A1A7576B300D9D396 /* Products */ = {
			isa = PBXGroup;
			children = (
				FBB104291A7576B300D9D396 /* diet.app */,
				FBB1043E1A7576B300D9D396 /* dietTests.xctest */,
			);
			name = Products;
			sourceTree = "<group>";
		};
		FBB1042B1A7576B300D9D396 /* diet */ = {
			isa = PBXGroup;
			children = (
				FBB1042E1A7576B300D9D396 /* AppDelegate.swift */,
				FBB104301A7576B300D9D396 /* ViewController.swift */,
				FBB104321A7576B300D9D396 /* Main.storyboard */,
				FBB104351A7576B300D9D396 /* Images.xcassets */,
				FBB104371A7576B300D9D396 /* LaunchScreen.xib */,
				FBB104501A75A32700D9D396 /* Products.plist */,
				FBB1042C1A7576B300D9D396 /* Supporting Files */,
			);
			path = diet;
			sourceTree = "<group>";
		};
		FBB1042C1A7576B300D9D396 /* Supporting Files */ = {
			isa = PBXGroup;
			children = (
				FBB1042D1A7576B300D9D396 /* Info.plist */,
			);
			name = "Supporting Files";
			sourceTree = "<group>";
		};
		FBB104411A7576B300D9D396 /* dietTests */ = {
			isa = PBXGroup;
			children = (
				FBB104441A7576B300D9D396 /* dietTests.swift */,
				FBB104421A7576B300D9D396 /* Supporting Files */,
			);
			path = dietTests;
			sourceTree = "<group>";
		};
		FBB104421A7576B300D9D396 /* Supporting Files */ = {
			isa = PBXGroup;
			children = (
				FBB104431A7576B300D9D396 /* Info.plist */,
			);
			name = "Supporting Files";
			sourceTree = "<group>";
		};
/* End PBXGroup section */

/* Begin PBXNativeTarget section */
		FBB104281A7576B300D9D396 /* diet */ = {
			isa = PBXNativeTarget;
			buildConfigurationList = FBB104481A7576B300D9D396 /* Build configuration list for PBXNativeTarget "diet" */;
			buildPhases = (
				FBB104251A7576B300D9D396 /* Sources */,
				FBB104261A7576B300D9D396 /* Frameworks */,
				FBB104271A7576B300D9D396 /* Resources */,
			);
			buildRules = (
			);
			dependencies = (
			);
			name = diet;
			productName = diet;
			productReference = FBB104291A7576B300D9D396 /* diet.app */;
			productType = "com.apple.product-type.application";
		};
		FBB1043D1A7576B300D9D396 /* dietTests */ = {
			isa = PBXNativeTarget;
			buildConfigurationList = FBB1044B1A7576B300D9D396 /* Build configuration list for PBXNativeTarget "dietTests" */;
			buildPhases = (
				FBB1043A1A7576B300D9D396 /* Sources */,
				FBB1043B1A7576B300D9D396 /* Frameworks */,
				FBB1043C1A7576B300D9D396 /* Resources */,
			);
			buildRules = (
			);
			dependencies = (
				FBB104401A7576B300D9D396 /* PBXTargetDependency */,
			);
			name = dietTests;
			productName = dietTests;
			productReference = FBB1043E1A7576B300D9D396 /* dietTests.xctest */;
			productType = "com.apple.product-type.bundle.unit-test";
		};
/* End PBXNativeTarget section */

/* Begin PBXProject section */
		FBB104211A7576B300D9D396 /* Project object */ = {
			isa = PBXProject;
			attributes = {
				LastUpgradeCheck = 0610;
				ORGANIZATIONNAME = "Антон Рыскалев";
				TargetAttributes = {
					FBB104281A7576B300D9D396 = {
						CreatedOnToolsVersion = 6.1.1;
					};
					FBB1043D1A7576B300D9D396 = {
						CreatedOnToolsVersion = 6.1.1;
						TestTargetID = FBB104281A7576B300D9D396;
					};
				};
			};
			buildConfigurationList = FBB104241A7576B300D9D396 /* Build configuration list for PBXProject "diet" */;
			compatibilityVersion = "Xcode 3.2";
			developmentRegion = English;
			hasScannedForEncodings = 0;
			knownRegions = (
				en,
				Base,
			);
			mainGroup = FBB104201A7576B300D9D396;
			productRefGroup = FBB1042A1A7576B300D9D396 /* Products */;
			projectDirPath = "";
			projectRoot = "";
			targets = (
				FBB104281A7576B300D9D396 /* diet */,
				FBB1043D1A7576B300D9D396 /* dietTests */,
			);
		};
/* End PBXProject section */

/* Begin PBXResourcesBuildPhase section */
		FBB104271A7576B300D9D396 /* Resources */ = {
			isa = PBXResourcesBuildPhase;
			buildActionMask = 2147483647;
			files = (
				FBB104511A75A32700D9D396 /* Products.plist in Resources */,
				FBB104341A7576B300D9D396 /* Main.storyboard in Resources */,
				FBB104391A7576B300D9D396 /* LaunchScreen.xib in Resources */,
				FBB104361A7576B300D9D396 /* Images.xcassets in Resources */,
			);
			runOnlyForDeploymentPostprocessing = 0;
		};
		FBB1043C1A7576B300D9D396 /* Resources */ = {
			isa = PBXResourcesBuildPhase;
			buildActionMask = 2147483647;
			files = (
			);
			runOnlyForDeploymentPostprocessing = 0;
		};
/* End PBXResourcesBuildPhase section */

/* Begin PBXSourcesBuildPhase section */
		FBB104251A7576B300D9D396 /* Sources */ = {
			isa = PBXSourcesBuildPhase;
			buildActionMask = 2147483647;
			files = (
				FBB104311A7576B300D9D396 /* ViewController.swift in Sources */,
				FBB1042F1A7576B300D9D396 /* AppDelegate.swift in Sources */,
			);
			runOnlyForDeploymentPostprocessing = 0;
		};
		FBB1043A1A7576B300D9D396 /* Sources */ = {
			isa = PBXSourcesBuildPhase;
			buildActionMask = 2147483647;
			files = (
				FBB104451A7576B300D9D396 /* dietTests.swift in Sources */,
			);
			runOnlyForDeploymentPostprocessing = 0;
		};
/* End PBXSourcesBuildPhase section */

/* Begin PBXTargetDependency section */
		FBB104401A7576B300D9D396 /* PBXTargetDependency */ = {
			isa = PBXTargetDependency;
			target = FBB104281A7576B300D9D396 /* diet */;
			targetProxy = FBB1043F1A7576B300D9D396 /* PBXContainerItemProxy */;
		};
/* End PBXTargetDependency section */

/* Begin PBXVariantGroup section */
		FBB104321A7576B300D9D396 /* Main.storyboard */ = {
			isa = PBXVariantGroup;
			children = (
				FBB104331A7576B300D9D396 /* Base */,
			);
			name = Main.storyboard;
			sourceTree = "<group>";
		};
		FBB104371A7576B300D9D396 /* LaunchScreen.xib */ = {
			isa = PBXVariantGroup;
			children = (
				FBB104381A7576B300D9D396 /* Base */,
			);
			name = LaunchScreen.xib;
			sourceTree = "<group>";
		};
/* End PBXVariantGroup section */

/* Begin XCBuildConfiguration section */
		FBB104461A7576B300D9D396 /* Debug */ = {
			isa = XCBuildConfiguration;
			buildSettings = {
				ALWAYS_SEARCH_USER_PATHS = NO;
				CLANG_CXX_LANGUAGE_STANDARD = "gnu++0x";
				CLANG_CXX_LIBRARY = "libc++";
				CLANG_ENABLE_MODULES = YES;
				CLANG_ENABLE_OBJC_ARC = YES;
				CLANG_WARN_BOOL_CONVERSION = YES;
				CLANG_WARN_CONSTANT_CONVERSION = YES;
				CLANG_WARN_DIRECT_OBJC_ISA_USAGE = YES_ERROR;
				CLANG_WARN_EMPTY_BODY = YES;
				CLANG_WARN_ENUM_CONVERSION = YES;
				CLANG_WARN_INT_CONVERSION = YES;
				CLANG_WARN_OBJC_ROOT_CLASS = YES_ERROR;
				CLANG_WARN_UNREACHABLE_CODE = YES;
				CLANG_WARN__DUPLICATE_METHOD_MATCH = YES;
				"CODE_SIGN_IDENTITY[sdk=iphoneos*]" = "iPhone Developer";
				COPY_PHASE_STRIP = NO;
				ENABLE_STRICT_OBJC_MSGSEND = YES;
				GCC_C_LANGUAGE_STANDARD = gnu99;
				GCC_DYNAMIC_NO_PIC = NO;
				GCC_OPTIMIZATION_LEVEL = 0;
				GCC_PREPROCESSOR_DEFINITIONS = (
					"DEBUG=1",
					"$(inherited)",
				);
				GCC_SYMBOLS_PRIVATE_EXTERN = NO;
				GCC_WARN_64_TO_32_BIT_CONVERSION = YES;
				GCC_WARN_ABOUT_RETURN_TYPE = YES_ERROR;
				GCC_WARN_UNDECLARED_SELECTOR = YES;
				GCC_WARN_UNINITIALIZED_AUTOS = YES_AGGRESSIVE;
				GCC_WARN_UNUSED_FUNCTION = YES;
				GCC_WARN_UNUSED_VARIABLE = YES;
				IPHONEOS_DEPLOYMENT_TARGET = 8.1;
				MTL_ENABLE_DEBUG_INFO = YES;
				ONLY_ACTIVE_ARCH = YES;
				SDKROOT = iphoneos;
				SWIFT_OPTIMIZATION_LEVEL = "-Onone";
			};
			name = Debug;
		};
		FBB104471A7576B300D9D396 /* Release */ = {
			isa = XCBuildConfiguration;
			buildSettings = {
				ALWAYS_SEARCH_USER_PATHS = NO;
				CLANG_CXX_LANGUAGE_STANDARD = "gnu++0x";
				CLANG_CXX_LIBRARY = "libc++";
				CLANG_ENABLE_MODULES = YES;
				CLANG_ENABLE_OBJC_ARC = YES;
				CLANG_WARN_BOOL_CONVERSION = YES;
				CLANG_WARN_CONSTANT_CONVERSION = YES;
				CLANG_WARN_DIRECT_OBJC_ISA_USAGE = YES_ERROR;
				CLANG_WARN_EMPTY_BODY = YES;
				CLANG_WARN_ENUM_CONVERSION = YES;
				CLANG_WARN_INT_CONVERSION = YES;
				CLANG_WARN_OBJC_ROOT_CLASS = YES_ERROR;
				CLANG_WARN_UNREACHABLE_CODE = YES;
				CLANG_WARN__DUPLICATE_METHOD_MATCH = YES;
				"CODE_SIGN_IDENTITY[sdk=iphoneos*]" = "iPhone Developer";
				COPY_PHASE_STRIP = YES;
				ENABLE_NS_ASSERTIONS = NO;
				ENABLE_STRICT_OBJC_MSGSEND = YES;
				GCC_C_LANGUAGE_STANDARD = gnu99;
				GCC_WARN_64_TO_32_BIT_CONVERSION = YES;
				GCC_WARN_ABOUT_RETURN_TYPE = YES_ERROR;
				GCC_WARN_UNDECLARED_SELECTOR = YES;
				GCC_WARN_UNINITIALIZED_AUTOS = YES_AGGRESSIVE;
				GCC_WARN_UNUSED_FUNCTION = YES;
				GCC_WARN_UNUSED_VARIABLE = YES;
				IPHONEOS_DEPLOYMENT_TARGET = 8.1;
				MTL_ENABLE_DEBUG_INFO = NO;
				SDKROOT = iphoneos;
				VALIDATE_PRODUCT = YES;
			};
			name = Release;
		};
		FBB104491A7576B300D9D396 /* Debug */ = {
			isa = XCBuildConfiguration;
			buildSettings = {
				ASSETCATALOG_COMPILER_APPICON_NAME = AppIcon;
				INFOPLIST_FILE = diet/Info.plist;
				LD_RUNPATH_SEARCH_PATHS = "$(inherited) @executable_path/Frameworks";
				PRODUCT_NAME = "$(TARGET_NAME)";
			};
			name = Debug;
		};
		FBB1044A1A7576B300D9D396 /* Release */ = {
			isa = XCBuildConfiguration;
			buildSettings = {
				ASSETCATALOG_COMPILER_APPICON_NAME = AppIcon;
				INFOPLIST_FILE = diet/Info.plist;
				LD_RUNPATH_SEARCH_PATHS = "$(inherited) @executable_path/Frameworks";
				PRODUCT_NAME = "$(TARGET_NAME)";
			};
			name = Release;
		};
		FBB1044C1A7576B300D9D396 /* Debug */ = {
			isa = XCBuildConfiguration;
			buildSettings = {
				BUNDLE_LOADER = "$(TEST_HOST)";
				FRAMEWORK_SEARCH_PATHS = (
					"$(SDKROOT)/Developer/Library/Frameworks",
					"$(inherited)",
				);
				GCC_PREPROCESSOR_DEFINITIONS = (
					"DEBUG=1",
					"$(inherited)",
				);
				INFOPLIST_FILE = dietTests/Info.plist;
				LD_RUNPATH_SEARCH_PATHS = "$(inherited) @executable_path/Frameworks @loader_path/Frameworks";
				PRODUCT_NAME = "$(TARGET_NAME)";
				TEST_HOST = "$(BUILT_PRODUCTS_DIR)/diet.app/diet";
			};
			name = Debug;
		};
		FBB1044D1A7576B300D9D396 /* Release */ = {
			isa = XCBuildConfiguration;
			buildSettings = {
				BUNDLE_LOADER = "$(TEST_HOST)";
				FRAMEWORK_SEARCH_PATHS = (
					"$(SDKROOT)/Developer/Library/Frameworks",
					"$(inherited)",
				);
				INFOPLIST_FILE = dietTests/Info.plist;
				LD_RUNPATH_SEARCH_PATHS = "$(inherited) @executable_path/Frameworks @loader_path/Frameworks";
				PRODUCT_NAME = "$(TARGET_NAME)";
				TEST_HOST = "$(BUILT_PRODUCTS_DIR)/diet.app/diet";
			};
			name = Release;
		};
/* End XCBuildConfiguration section */

/* Begin XCConfigurationList section */
		FBB104241A7576B300D9D396 /* Build configuration list for PBXProject "diet" */ = {
			isa = XCConfigurationList;
			buildConfigurations = (
				FBB104461A7576B300D9D396 /* Debug */,
				FBB104471A7576B300D9D396 /* Release */,
			);
			defaultConfigurationIsVisible = 0;
			defaultConfigurationName = Release;
		};
		FBB104481A7576B300D9D396 /* Build configuration list for PBXNativeTarget "diet" */ = {
			isa = XCConfigurationList;
			buildConfigurations = (
				FBB104491A7576B300D9D396 /* Debug */,
				FBB1044A1A7576B300D9D396 /* Release */,
			);
			defaultConfigurationIsVisible = 0;
		};
		FBB1044B1A7576B300D9D396 /* Build configuration list for PBXNativeTarget "dietTests" */ = {
			isa = XCConfigurationList;
			buildConfigurations = (
				FBB1044C1A7576B300D9D396 /* Debug */,
				FBB1044D1A7576B300D9D396 /* Release */,
			);
			defaultConfigurationIsVisible = 0;
		};
/* End XCConfigurationList section */
	};
	rootObject = FBB104211A7576B300D9D396 /* Project object */;
}
